
Microsoft Visual Studio Solution File, Format Version 12.00
# Visual Studio Version 16
VisualStudioVersion = 16.0.30114.105
MinimumVisualStudioVersion = 10.0.40219.1
Project("{FAE04EC0-301F-11D3-BF4B-00C04F79EFBC}") = "ekzamenInfa", "ekzamenInfa\ekzamenInfa.csproj", "{B5AD0CE7-ACD1-4C20-B31D-36786AAA8A7C}"
EndProject
Global
	GlobalSection(SolutionConfigurationPlatforms) = preSolution
		Debug|Any CPU = Debug|Any CPU
		Release|Any CPU = Release|Any CPU
	EndGlobalSection
	GlobalSection(ProjectConfigurationPlatforms) = postSolution
		{B5AD0CE7-ACD1-4C20-B31D-36786AAA8A7C}.Debug|Any CPU.ActiveCfg = Debug|Any CPU
		{B5AD0CE7-ACD1-4C20-B31D-36786AAA8A7C}.Debug|Any CPU.Build.0 = Debug|Any CPU
		{B5AD0CE7-ACD1-4C20-B31D-36786AAA8A7C}.Release|Any CPU.ActiveCfg = Release|Any CPU
		{B5AD0CE7-ACD1-4C20-B31D-36786AAA8A7C}.Release|Any CPU.Build.0 = Release|Any CPU
	EndGlobalSection
	GlobalSection(SolutionProperties) = preSolution
		HideSolutionNode = FALSE
	EndGlobalSection
	GlobalSection(ExtensibilityGlobals) = postSolution
		SolutionGuid = {BFA19AC5-DC7F-4CC3-AA2F-FAB5115F6CBA}
	EndGlobalSection
EndGlobal
